
Microsoft Visual Studio Solution File, Format Version 12.00
# Visual Studio Version 17
VisualStudioVersion = 17.10.34902.84
MinimumVisualStudioVersion = 10.0.40219.1
Project("{2150E333-8FDC-42A3-9474-1A3956D46DE8}") = "Core", "Core", "{AEA9436B-93AD-4BE0-BF33-4CE61EF1EDBD}"
EndProject
Project("{9A19103F-16F7-4668-BE54-9A1E7A4F7556}") = "Infrastructure.Application", "Core\Infrastructure.Application\Infrastructure.Application.csproj", "{C3A05969-4B02-44FF-8562-4CF7AA95CBC3}"
	ProjectSection(ProjectDependencies) = postProject
		{CA47DDEC-1DBE-4201-9FA9-D307AE6649B6} = {CA47DDEC-1DBE-4201-9FA9-D307AE6649B6}
	EndProjectSection
EndProject
Project("{9A19103F-16F7-4668-BE54-9A1E7A4F7556}") = "Infrastructure.Data", "Core\Infrastructure.Data\Infrastructure.Data.csproj", "{CA47DDEC-1DBE-4201-9FA9-D307AE6649B6}"
EndProject
Project("{9A19103F-16F7-4668-BE54-9A1E7A4F7556}") = "Infrastructure.Service", "Core\Infrastructure.Service\Infrastructure.Service.csproj", "{EB57A99B-80F3-4D27-9DAB-9824CF75DF7B}"
EndProject
Project("{2150E333-8FDC-42A3-9474-1A3956D46DE8}") = "Application", "Application", "{79E93B11-8FA4-4B91-AD51-DFA3799DE4E3}"
EndProject
Project("{9A19103F-16F7-4668-BE54-9A1E7A4F7556}") = "Authentication.Application", "Application\Authentication.Application\Authentication.Application.csproj", "{40A5F869-388F-4CF3-AF72-D6C2B9013BBA}"
EndProject
Project("{2150E333-8FDC-42A3-9474-1A3956D46DE8}") = "Domain", "Domain", "{F23A6BBD-CA61-4C31-B533-11A3563F8AC4}"
EndProject
Project("{9A19103F-16F7-4668-BE54-9A1E7A4F7556}") = "Authentication.Domain", "Domain\Authentication.Domain\Authentication.Domain.csproj", "{2F5FB8E5-A4E0-4BE9-92B1-C9F0328633A8}"
EndProject
Project("{2150E333-8FDC-42A3-9474-1A3956D46DE8}") = "Data", "Data", "{C86C9131-D1F5-46E9-BF53-EF83F03F3B82}"
EndProject
Project("{9A19103F-16F7-4668-BE54-9A1E7A4F7556}") = "Authentication.Data", "Data\Authentication.Data\Authentication.Data.csproj", "{0D2F645B-05B7-4462-9B0C-1CB58A76B55A}"
EndProject
Project("{2150E333-8FDC-42A3-9474-1A3956D46DE8}") = "Service", "Service", "{2EF3F720-1FEA-4102-B06C-3098BFD917B2}"
EndProject
Project("{9A19103F-16F7-4668-BE54-9A1E7A4F7556}") = "Order.Domain", "Domain\Order.Domain\Order.Domain.csproj", "{A23485EA-5CBA-489B-B92B-8EBF2273A917}"
EndProject
Project("{9A19103F-16F7-4668-BE54-9A1E7A4F7556}") = "Order.Data", "Data\Order.Data\Order.Data.csproj", "{30D67BE9-B9BF-42E7-817C-BAE1DAC2BF79}"
EndProject
Project("{9A19103F-16F7-4668-BE54-9A1E7A4F7556}") = "Order.Application", "Application\Order.Application\Order.Application.csproj", "{A7504538-4FB4-4F9C-9ECD-9A5B720A2572}"
EndProject
Project("{9A19103F-16F7-4668-BE54-9A1E7A4F7556}") = "Order.Host", "Services\Order.Host\Order.Host.csproj", "{4CB7C982-F379-4691-9C67-D6BBCA9F9F8F}"
EndProject
Project("{9A19103F-16F7-4668-BE54-9A1E7A4F7556}") = "Inventory.Domain", "Domain\Inventory.Domain\Inventory.Domain.csproj", "{B979B44C-CF28-4448-AE20-C0F1BE99C51F}"
EndProject
Project("{9A19103F-16F7-4668-BE54-9A1E7A4F7556}") = "Inventory.Data", "Data\Inventory.Data\Inventory.Data.csproj", "{D2B8548E-1452-41F2-982A-5308B566CE2A}"
EndProject
Project("{9A19103F-16F7-4668-BE54-9A1E7A4F7556}") = "Inventory.Application", "Application\Inventory.Application\Inventory.Application.csproj", "{F345B2DC-F50F-47E9-A3C5-CF554B3168E4}"
EndProject
Project("{9A19103F-16F7-4668-BE54-9A1E7A4F7556}") = "Inventory.Host", "Services\Inventory.Host\Inventory.Host.csproj", "{9DE9B14F-F483-4943-9967-A406650FCB16}"
EndProject
Project("{9A19103F-16F7-4668-BE54-9A1E7A4F7556}") = "Notification.Host", "Services\Notification.Host\Notification.Host.csproj", "{7296C4D8-5CBB-4115-8424-B2D14FEE784D}"
EndProject
Project("{9A19103F-16F7-4668-BE54-9A1E7A4F7556}") = "Notification.Application", "Application\Notification.Application\Notification.Application.csproj", "{22C0473F-F538-498A-B80E-41CBD0A6C070}"
EndProject
Project("{9A19103F-16F7-4668-BE54-9A1E7A4F7556}") = "Infrastructure.Domain", "Core\Infrastructure.Domain\Infrastructure.Domain.csproj", "{74C8C41D-308C-419A-9135-F4A5D4A91B28}"
EndProject
Project("{9A19103F-16F7-4668-BE54-9A1E7A4F7556}") = "Authentication.Host", "Services\Authentication.Host\Authentication.Host.csproj", "{ECEE3142-F84A-4F01-8A1B-8FDFEE58942E}"
EndProject
Project("{9A19103F-16F7-4668-BE54-9A1E7A4F7556}") = "Offer.Domain", "Domain\Offer.Domain\Offer.Domain.csproj", "{9FD2F3B6-DF91-4671-ACF0-E3C93164EA7C}"
EndProject
Project("{9A19103F-16F7-4668-BE54-9A1E7A4F7556}") = "Offer.Data", "Data\Offer.Data\Offer.Data.csproj", "{C4491B9B-5767-4398-8B88-AE972F34DFC4}"
EndProject
Project("{9A19103F-16F7-4668-BE54-9A1E7A4F7556}") = "Offer.Application", "Application\Offer.Application\Offer.Application.csproj", "{EEA245F9-0D2C-478D-864E-8BF2097FF5AE}"
EndProject
Project("{9A19103F-16F7-4668-BE54-9A1E7A4F7556}") = "Offer.Host", "Services\Offer.Host\Offer.Host.csproj", "{DB38B583-5E6F-4823-AE35-11455E994A22}"
EndProject
Project("{9A19103F-16F7-4668-BE54-9A1E7A4F7556}") = "Gallery.Domain", "Domain\Gallery.Domain\Gallery.Domain.csproj", "{25438C4E-7DCA-4EC2-9A84-831CF06F7B1B}"
EndProject
Project("{9A19103F-16F7-4668-BE54-9A1E7A4F7556}") = "Gallery.data", "Data\Gallery.data\Gallery.data.csproj", "{99184800-389C-47C2-A4F8-C654E43B8341}"
EndProject
Project("{9A19103F-16F7-4668-BE54-9A1E7A4F7556}") = "Gallery.Application", "Application\Gallery.Application\Gallery.Application.csproj", "{FBAF2496-7E6A-4008-AC44-C447E87EA3BF}"
EndProject
Project("{9A19103F-16F7-4668-BE54-9A1E7A4F7556}") = "Gallery.Host", "Services\Service.Host\Gallery.Host\Gallery.Host.csproj", "{271DCE37-1B15-45D8-A039-8B8852E3951B}"
EndProject
Project("{9A19103F-16F7-4668-BE54-9A1E7A4F7556}") = "CMS.Domain", "Domain\New folder\CMS.Domain\CMS.Domain.csproj", "{912589F2-5DF7-4ABB-A6C1-90A9BD4EE9F4}"
EndProject
Project("{9A19103F-16F7-4668-BE54-9A1E7A4F7556}") = "CMS.Data", "Data\CMS.Data\CMS.Data.csproj", "{A32CF473-579A-4D3B-8C05-0096FC750B90}"
EndProject
Project("{9A19103F-16F7-4668-BE54-9A1E7A4F7556}") = "CMS.Application", "Application\CMS.Application\CMS.Application.csproj", "{464AFD07-EF35-472B-ABA1-27B62D4DBE41}"
EndProject
Project("{9A19103F-16F7-4668-BE54-9A1E7A4F7556}") = "CMS.Host", "Services\CMS.Host\CMS.Host.csproj", "{F5D1D9B1-755A-414E-ACF7-8070457EA459}"
EndProject
Project("{9A19103F-16F7-4668-BE54-9A1E7A4F7556}") = "AdminLTE", "Services\AdminLTE\AdminLTE.csproj", "{7CE66351-4BA3-43A4-B781-8C38315E481C}"
EndProject
Global
	GlobalSection(SolutionConfigurationPlatforms) = preSolution
		Debug|Any CPU = Debug|Any CPU
		Release|Any CPU = Release|Any CPU
	EndGlobalSection
	GlobalSection(ProjectConfigurationPlatforms) = postSolution
		{C3A05969-4B02-44FF-8562-4CF7AA95CBC3}.Debug|Any CPU.ActiveCfg = Debug|Any CPU
		{C3A05969-4B02-44FF-8562-4CF7AA95CBC3}.Debug|Any CPU.Build.0 = Debug|Any CPU
		{C3A05969-4B02-44FF-8562-4CF7AA95CBC3}.Release|Any CPU.ActiveCfg = Release|Any CPU
		{C3A05969-4B02-44FF-8562-4CF7AA95CBC3}.Release|Any CPU.Build.0 = Release|Any CPU
		{CA47DDEC-1DBE-4201-9FA9-D307AE6649B6}.Debug|Any CPU.ActiveCfg = Debug|Any CPU
		{CA47DDEC-1DBE-4201-9FA9-D307AE6649B6}.Debug|Any CPU.Build.0 = Debug|Any CPU
		{CA47DDEC-1DBE-4201-9FA9-D307AE6649B6}.Release|Any CPU.ActiveCfg = Release|Any CPU
		{CA47DDEC-1DBE-4201-9FA9-D307AE6649B6}.Release|Any CPU.Build.0 = Release|Any CPU
		{EB57A99B-80F3-4D27-9DAB-9824CF75DF7B}.Debug|Any CPU.ActiveCfg = Debug|Any CPU
		{EB57A99B-80F3-4D27-9DAB-9824CF75DF7B}.Debug|Any CPU.Build.0 = Debug|Any CPU
		{EB57A99B-80F3-4D27-9DAB-9824CF75DF7B}.Release|Any CPU.ActiveCfg = Release|Any CPU
		{EB57A99B-80F3-4D27-9DAB-9824CF75DF7B}.Release|Any CPU.Build.0 = Release|Any CPU
		{40A5F869-388F-4CF3-AF72-D6C2B9013BBA}.Debug|Any CPU.ActiveCfg = Debug|Any CPU
		{40A5F869-388F-4CF3-AF72-D6C2B9013BBA}.Debug|Any CPU.Build.0 = Debug|Any CPU
		{40A5F869-388F-4CF3-AF72-D6C2B9013BBA}.Release|Any CPU.ActiveCfg = Release|Any CPU
		{40A5F869-388F-4CF3-AF72-D6C2B9013BBA}.Release|Any CPU.Build.0 = Release|Any CPU
		{2F5FB8E5-A4E0-4BE9-92B1-C9F0328633A8}.Debug|Any CPU.ActiveCfg = Debug|Any CPU
		{2F5FB8E5-A4E0-4BE9-92B1-C9F0328633A8}.Debug|Any CPU.Build.0 = Debug|Any CPU
		{2F5FB8E5-A4E0-4BE9-92B1-C9F0328633A8}.Release|Any CPU.ActiveCfg = Release|Any CPU
		{2F5FB8E5-A4E0-4BE9-92B1-C9F0328633A8}.Release|Any CPU.Build.0 = Release|Any CPU
		{0D2F645B-05B7-4462-9B0C-1CB58A76B55A}.Debug|Any CPU.ActiveCfg = Debug|Any CPU
		{0D2F645B-05B7-4462-9B0C-1CB58A76B55A}.Debug|Any CPU.Build.0 = Debug|Any CPU
		{0D2F645B-05B7-4462-9B0C-1CB58A76B55A}.Release|Any CPU.ActiveCfg = Release|Any CPU
		{0D2F645B-05B7-4462-9B0C-1CB58A76B55A}.Release|Any CPU.Build.0 = Release|Any CPU
		{A23485EA-5CBA-489B-B92B-8EBF2273A917}.Debug|Any CPU.ActiveCfg = Debug|Any CPU
		{A23485EA-5CBA-489B-B92B-8EBF2273A917}.Debug|Any CPU.Build.0 = Debug|Any CPU
		{A23485EA-5CBA-489B-B92B-8EBF2273A917}.Release|Any CPU.ActiveCfg = Release|Any CPU
		{A23485EA-5CBA-489B-B92B-8EBF2273A917}.Release|Any CPU.Build.0 = Release|Any CPU
		{30D67BE9-B9BF-42E7-817C-BAE1DAC2BF79}.Debug|Any CPU.ActiveCfg = Debug|Any CPU
		{30D67BE9-B9BF-42E7-817C-BAE1DAC2BF79}.Debug|Any CPU.Build.0 = Debug|Any CPU
		{30D67BE9-B9BF-42E7-817C-BAE1DAC2BF79}.Release|Any CPU.ActiveCfg = Release|Any CPU
		{30D67BE9-B9BF-42E7-817C-BAE1DAC2BF79}.Release|Any CPU.Build.0 = Release|Any CPU
		{A7504538-4FB4-4F9C-9ECD-9A5B720A2572}.Debug|Any CPU.ActiveCfg = Debug|Any CPU
		{A7504538-4FB4-4F9C-9ECD-9A5B720A2572}.Debug|Any CPU.Build.0 = Debug|Any CPU
		{A7504538-4FB4-4F9C-9ECD-9A5B720A2572}.Release|Any CPU.ActiveCfg = Release|Any CPU
		{A7504538-4FB4-4F9C-9ECD-9A5B720A2572}.Release|Any CPU.Build.0 = Release|Any CPU
		{4CB7C982-F379-4691-9C67-D6BBCA9F9F8F}.Debug|Any CPU.ActiveCfg = Debug|Any CPU
		{4CB7C982-F379-4691-9C67-D6BBCA9F9F8F}.Debug|Any CPU.Build.0 = Debug|Any CPU
		{4CB7C982-F379-4691-9C67-D6BBCA9F9F8F}.Release|Any CPU.ActiveCfg = Release|Any CPU
		{4CB7C982-F379-4691-9C67-D6BBCA9F9F8F}.Release|Any CPU.Build.0 = Release|Any CPU
		{B979B44C-CF28-4448-AE20-C0F1BE99C51F}.Debug|Any CPU.ActiveCfg = Debug|Any CPU
		{B979B44C-CF28-4448-AE20-C0F1BE99C51F}.Debug|Any CPU.Build.0 = Debug|Any CPU
		{B979B44C-CF28-4448-AE20-C0F1BE99C51F}.Release|Any CPU.ActiveCfg = Release|Any CPU
		{B979B44C-CF28-4448-AE20-C0F1BE99C51F}.Release|Any CPU.Build.0 = Release|Any CPU
		{D2B8548E-1452-41F2-982A-5308B566CE2A}.Debug|Any CPU.ActiveCfg = Debug|Any CPU
		{D2B8548E-1452-41F2-982A-5308B566CE2A}.Debug|Any CPU.Build.0 = Debug|Any CPU
		{D2B8548E-1452-41F2-982A-5308B566CE2A}.Release|Any CPU.ActiveCfg = Release|Any CPU
		{D2B8548E-1452-41F2-982A-5308B566CE2A}.Release|Any CPU.Build.0 = Release|Any CPU
		{F345B2DC-F50F-47E9-A3C5-CF554B3168E4}.Debug|Any CPU.ActiveCfg = Debug|Any CPU
		{F345B2DC-F50F-47E9-A3C5-CF554B3168E4}.Debug|Any CPU.Build.0 = Debug|Any CPU
		{F345B2DC-F50F-47E9-A3C5-CF554B3168E4}.Release|Any CPU.ActiveCfg = Release|Any CPU
		{F345B2DC-F50F-47E9-A3C5-CF554B3168E4}.Release|Any CPU.Build.0 = Release|Any CPU
		{9DE9B14F-F483-4943-9967-A406650FCB16}.Debug|Any CPU.ActiveCfg = Debug|Any CPU
		{9DE9B14F-F483-4943-9967-A406650FCB16}.Debug|Any CPU.Build.0 = Debug|Any CPU
		{9DE9B14F-F483-4943-9967-A406650FCB16}.Release|Any CPU.ActiveCfg = Release|Any CPU
		{9DE9B14F-F483-4943-9967-A406650FCB16}.Release|Any CPU.Build.0 = Release|Any CPU
		{7296C4D8-5CBB-4115-8424-B2D14FEE784D}.Debug|Any CPU.ActiveCfg = Debug|Any CPU
		{7296C4D8-5CBB-4115-8424-B2D14FEE784D}.Debug|Any CPU.Build.0 = Debug|Any CPU
		{7296C4D8-5CBB-4115-8424-B2D14FEE784D}.Release|Any CPU.ActiveCfg = Release|Any CPU
		{7296C4D8-5CBB-4115-8424-B2D14FEE784D}.Release|Any CPU.Build.0 = Release|Any CPU
		{22C0473F-F538-498A-B80E-41CBD0A6C070}.Debug|Any CPU.ActiveCfg = Debug|Any CPU
		{22C0473F-F538-498A-B80E-41CBD0A6C070}.Debug|Any CPU.Build.0 = Debug|Any CPU
		{22C0473F-F538-498A-B80E-41CBD0A6C070}.Release|Any CPU.ActiveCfg = Release|Any CPU
		{22C0473F-F538-498A-B80E-41CBD0A6C070}.Release|Any CPU.Build.0 = Release|Any CPU
		{74C8C41D-308C-419A-9135-F4A5D4A91B28}.Debug|Any CPU.ActiveCfg = Debug|Any CPU
		{74C8C41D-308C-419A-9135-F4A5D4A91B28}.Debug|Any CPU.Build.0 = Debug|Any CPU
		{74C8C41D-308C-419A-9135-F4A5D4A91B28}.Release|Any CPU.ActiveCfg = Release|Any CPU
		{74C8C41D-308C-419A-9135-F4A5D4A91B28}.Release|Any CPU.Build.0 = Release|Any CPU
		{ECEE3142-F84A-4F01-8A1B-8FDFEE58942E}.Debug|Any CPU.ActiveCfg = Debug|Any CPU
		{ECEE3142-F84A-4F01-8A1B-8FDFEE58942E}.Debug|Any CPU.Build.0 = Debug|Any CPU
		{ECEE3142-F84A-4F01-8A1B-8FDFEE58942E}.Release|Any CPU.ActiveCfg = Release|Any CPU
		{ECEE3142-F84A-4F01-8A1B-8FDFEE58942E}.Release|Any CPU.Build.0 = Release|Any CPU
		{9FD2F3B6-DF91-4671-ACF0-E3C93164EA7C}.Debug|Any CPU.ActiveCfg = Debug|Any CPU
		{9FD2F3B6-DF91-4671-ACF0-E3C93164EA7C}.Debug|Any CPU.Build.0 = Debug|Any CPU
		{9FD2F3B6-DF91-4671-ACF0-E3C93164EA7C}.Release|Any CPU.ActiveCfg = Release|Any CPU
		{9FD2F3B6-DF91-4671-ACF0-E3C93164EA7C}.Release|Any CPU.Build.0 = Release|Any CPU
		{C4491B9B-5767-4398-8B88-AE972F34DFC4}.Debug|Any CPU.ActiveCfg = Debug|Any CPU
		{C4491B9B-5767-4398-8B88-AE972F34DFC4}.Debug|Any CPU.Build.0 = Debug|Any CPU
		{C4491B9B-5767-4398-8B88-AE972F34DFC4}.Release|Any CPU.ActiveCfg = Release|Any CPU
		{C4491B9B-5767-4398-8B88-AE972F34DFC4}.Release|Any CPU.Build.0 = Release|Any CPU
		{EEA245F9-0D2C-478D-864E-8BF2097FF5AE}.Debug|Any CPU.ActiveCfg = Debug|Any CPU
		{EEA245F9-0D2C-478D-864E-8BF2097FF5AE}.Debug|Any CPU.Build.0 = Debug|Any CPU
		{EEA245F9-0D2C-478D-864E-8BF2097FF5AE}.Release|Any CPU.ActiveCfg = Release|Any CPU
		{EEA245F9-0D2C-478D-864E-8BF2097FF5AE}.Release|Any CPU.Build.0 = Release|Any CPU
		{DB38B583-5E6F-4823-AE35-11455E994A22}.Debug|Any CPU.ActiveCfg = Debug|Any CPU
		{DB38B583-5E6F-4823-AE35-11455E994A22}.Debug|Any CPU.Build.0 = Debug|Any CPU
		{DB38B583-5E6F-4823-AE35-11455E994A22}.Release|Any CPU.ActiveCfg = Release|Any CPU
		{DB38B583-5E6F-4823-AE35-11455E994A22}.Release|Any CPU.Build.0 = Release|Any CPU
		{25438C4E-7DCA-4EC2-9A84-831CF06F7B1B}.Debug|Any CPU.ActiveCfg = Debug|Any CPU
		{25438C4E-7DCA-4EC2-9A84-831CF06F7B1B}.Debug|Any CPU.Build.0 = Debug|Any CPU
		{25438C4E-7DCA-4EC2-9A84-831CF06F7B1B}.Release|Any CPU.ActiveCfg = Release|Any CPU
		{25438C4E-7DCA-4EC2-9A84-831CF06F7B1B}.Release|Any CPU.Build.0 = Release|Any CPU
		{99184800-389C-47C2-A4F8-C654E43B8341}.Debug|Any CPU.ActiveCfg = Debug|Any CPU
		{99184800-389C-47C2-A4F8-C654E43B8341}.Debug|Any CPU.Build.0 = Debug|Any CPU
		{99184800-389C-47C2-A4F8-C654E43B8341}.Release|Any CPU.ActiveCfg = Release|Any CPU
		{99184800-389C-47C2-A4F8-C654E43B8341}.Release|Any CPU.Build.0 = Release|Any CPU
		{FBAF2496-7E6A-4008-AC44-C447E87EA3BF}.Debug|Any CPU.ActiveCfg = Debug|Any CPU
		{FBAF2496-7E6A-4008-AC44-C447E87EA3BF}.Debug|Any CPU.Build.0 = Debug|Any CPU
		{FBAF2496-7E6A-4008-AC44-C447E87EA3BF}.Release|Any CPU.ActiveCfg = Release|Any CPU
		{FBAF2496-7E6A-4008-AC44-C447E87EA3BF}.Release|Any CPU.Build.0 = Release|Any CPU
		{271DCE37-1B15-45D8-A039-8B8852E3951B}.Debug|Any CPU.ActiveCfg = Debug|Any CPU
		{271DCE37-1B15-45D8-A039-8B8852E3951B}.Debug|Any CPU.Build.0 = Debug|Any CPU
		{271DCE37-1B15-45D8-A039-8B8852E3951B}.Release|Any CPU.ActiveCfg = Release|Any CPU
		{271DCE37-1B15-45D8-A039-8B8852E3951B}.Release|Any CPU.Build.0 = Release|Any CPU
		{912589F2-5DF7-4ABB-A6C1-90A9BD4EE9F4}.Debug|Any CPU.ActiveCfg = Debug|Any CPU
		{912589F2-5DF7-4ABB-A6C1-90A9BD4EE9F4}.Debug|Any CPU.Build.0 = Debug|Any CPU
		{912589F2-5DF7-4ABB-A6C1-90A9BD4EE9F4}.Release|Any CPU.ActiveCfg = Release|Any CPU
		{912589F2-5DF7-4ABB-A6C1-90A9BD4EE9F4}.Release|Any CPU.Build.0 = Release|Any CPU
		{A32CF473-579A-4D3B-8C05-0096FC750B90}.Debug|Any CPU.ActiveCfg = Debug|Any CPU
		{A32CF473-579A-4D3B-8C05-0096FC750B90}.Debug|Any CPU.Build.0 = Debug|Any CPU
		{A32CF473-579A-4D3B-8C05-0096FC750B90}.Release|Any CPU.ActiveCfg = Release|Any CPU
		{A32CF473-579A-4D3B-8C05-0096FC750B90}.Release|Any CPU.Build.0 = Release|Any CPU
		{464AFD07-EF35-472B-ABA1-27B62D4DBE41}.Debug|Any CPU.ActiveCfg = Debug|Any CPU
		{464AFD07-EF35-472B-ABA1-27B62D4DBE41}.Debug|Any CPU.Build.0 = Debug|Any CPU
		{464AFD07-EF35-472B-ABA1-27B62D4DBE41}.Release|Any CPU.ActiveCfg = Release|Any CPU
		{464AFD07-EF35-472B-ABA1-27B62D4DBE41}.Release|Any CPU.Build.0 = Release|Any CPU
		{F5D1D9B1-755A-414E-ACF7-8070457EA459}.Debug|Any CPU.ActiveCfg = Debug|Any CPU
		{F5D1D9B1-755A-414E-ACF7-8070457EA459}.Debug|Any CPU.Build.0 = Debug|Any CPU
		{F5D1D9B1-755A-414E-ACF7-8070457EA459}.Release|Any CPU.ActiveCfg = Release|Any CPU
		{F5D1D9B1-755A-414E-ACF7-8070457EA459}.Release|Any CPU.Build.0 = Release|Any CPU
		{7CE66351-4BA3-43A4-B781-8C38315E481C}.Debug|Any CPU.ActiveCfg = Debug|Any CPU
		{7CE66351-4BA3-43A4-B781-8C38315E481C}.Debug|Any CPU.Build.0 = Debug|Any CPU
		{7CE66351-4BA3-43A4-B781-8C38315E481C}.Release|Any CPU.ActiveCfg = Release|Any CPU
		{7CE66351-4BA3-43A4-B781-8C38315E481C}.Release|Any CPU.Build.0 = Release|Any CPU
	EndGlobalSection
	GlobalSection(SolutionProperties) = preSolution
		HideSolutionNode = FALSE
	EndGlobalSection
	GlobalSection(NestedProjects) = preSolution
		{C3A05969-4B02-44FF-8562-4CF7AA95CBC3} = {AEA9436B-93AD-4BE0-BF33-4CE61EF1EDBD}
		{CA47DDEC-1DBE-4201-9FA9-D307AE6649B6} = {AEA9436B-93AD-4BE0-BF33-4CE61EF1EDBD}
		{EB57A99B-80F3-4D27-9DAB-9824CF75DF7B} = {AEA9436B-93AD-4BE0-BF33-4CE61EF1EDBD}
		{40A5F869-388F-4CF3-AF72-D6C2B9013BBA} = {79E93B11-8FA4-4B91-AD51-DFA3799DE4E3}
		{2F5FB8E5-A4E0-4BE9-92B1-C9F0328633A8} = {F23A6BBD-CA61-4C31-B533-11A3563F8AC4}
		{0D2F645B-05B7-4462-9B0C-1CB58A76B55A} = {C86C9131-D1F5-46E9-BF53-EF83F03F3B82}
		{A23485EA-5CBA-489B-B92B-8EBF2273A917} = {F23A6BBD-CA61-4C31-B533-11A3563F8AC4}
		{30D67BE9-B9BF-42E7-817C-BAE1DAC2BF79} = {C86C9131-D1F5-46E9-BF53-EF83F03F3B82}
		{A7504538-4FB4-4F9C-9ECD-9A5B720A2572} = {79E93B11-8FA4-4B91-AD51-DFA3799DE4E3}
		{4CB7C982-F379-4691-9C67-D6BBCA9F9F8F} = {2EF3F720-1FEA-4102-B06C-3098BFD917B2}
		{B979B44C-CF28-4448-AE20-C0F1BE99C51F} = {F23A6BBD-CA61-4C31-B533-11A3563F8AC4}
		{D2B8548E-1452-41F2-982A-5308B566CE2A} = {C86C9131-D1F5-46E9-BF53-EF83F03F3B82}
		{F345B2DC-F50F-47E9-A3C5-CF554B3168E4} = {79E93B11-8FA4-4B91-AD51-DFA3799DE4E3}
		{9DE9B14F-F483-4943-9967-A406650FCB16} = {2EF3F720-1FEA-4102-B06C-3098BFD917B2}
		{7296C4D8-5CBB-4115-8424-B2D14FEE784D} = {2EF3F720-1FEA-4102-B06C-3098BFD917B2}
		{22C0473F-F538-498A-B80E-41CBD0A6C070} = {79E93B11-8FA4-4B91-AD51-DFA3799DE4E3}
		{74C8C41D-308C-419A-9135-F4A5D4A91B28} = {AEA9436B-93AD-4BE0-BF33-4CE61EF1EDBD}
		{ECEE3142-F84A-4F01-8A1B-8FDFEE58942E} = {2EF3F720-1FEA-4102-B06C-3098BFD917B2}
		{9FD2F3B6-DF91-4671-ACF0-E3C93164EA7C} = {F23A6BBD-CA61-4C31-B533-11A3563F8AC4}
		{C4491B9B-5767-4398-8B88-AE972F34DFC4} = {C86C9131-D1F5-46E9-BF53-EF83F03F3B82}
		{EEA245F9-0D2C-478D-864E-8BF2097FF5AE} = {79E93B11-8FA4-4B91-AD51-DFA3799DE4E3}
		{DB38B583-5E6F-4823-AE35-11455E994A22} = {2EF3F720-1FEA-4102-B06C-3098BFD917B2}
		{25438C4E-7DCA-4EC2-9A84-831CF06F7B1B} = {F23A6BBD-CA61-4C31-B533-11A3563F8AC4}
		{99184800-389C-47C2-A4F8-C654E43B8341} = {C86C9131-D1F5-46E9-BF53-EF83F03F3B82}
		{FBAF2496-7E6A-4008-AC44-C447E87EA3BF} = {79E93B11-8FA4-4B91-AD51-DFA3799DE4E3}
		{271DCE37-1B15-45D8-A039-8B8852E3951B} = {2EF3F720-1FEA-4102-B06C-3098BFD917B2}
		{912589F2-5DF7-4ABB-A6C1-90A9BD4EE9F4} = {F23A6BBD-CA61-4C31-B533-11A3563F8AC4}
		{A32CF473-579A-4D3B-8C05-0096FC750B90} = {C86C9131-D1F5-46E9-BF53-EF83F03F3B82}
		{464AFD07-EF35-472B-ABA1-27B62D4DBE41} = {79E93B11-8FA4-4B91-AD51-DFA3799DE4E3}
		{F5D1D9B1-755A-414E-ACF7-8070457EA459} = {2EF3F720-1FEA-4102-B06C-3098BFD917B2}
		{7CE66351-4BA3-43A4-B781-8C38315E481C} = {2EF3F720-1FEA-4102-B06C-3098BFD917B2}
	EndGlobalSection
	GlobalSection(ExtensibilityGlobals) = postSolution
		SolutionGuid = {E20087F2-50FF-4E2A-9AE2-521764CC56F3}
	EndGlobalSection
EndGlobal
